
Microsoft Visual Studio Solution File, Format Version 12.00
# Visual Studio Version 16
VisualStudioVersion = 16.0.28803.452
MinimumVisualStudioVersion = 10.0.40219.1
Project("{9A19103F-16F7-4668-BE54-9A1E7A4F7556}") = "WordGame", "WordGame\WordGame.csproj", "{6565E5B3-E73A-4739-A5A9-54F35E0F712F}"
EndProject
Project("{9A19103F-16F7-4668-BE54-9A1E7A4F7556}") = "WordGameTests", "WordGameTests\WordGameTests.csproj", "{C8F8DA29-4E18-4F3B-87E8-15D57AB6E8C6}"
EndProject
Global
	GlobalSection(SolutionConfigurationPlatforms) = preSolution
		Debug|Any CPU = Debug|Any CPU
		Release|Any CPU = Release|Any CPU
	EndGlobalSection
	GlobalSection(ProjectConfigurationPlatforms) = postSolution
		{6565E5B3-E73A-4739-A5A9-54F35E0F712F}.Debug|Any CPU.ActiveCfg = Debug|Any CPU
		{6565E5B3-E73A-4739-A5A9-54F35E0F712F}.Debug|Any CPU.Build.0 = Debug|Any CPU
		{6565E5B3-E73A-4739-A5A9-54F35E0F712F}.Release|Any CPU.ActiveCfg = Release|Any CPU
		{6565E5B3-E73A-4739-A5A9-54F35E0F712F}.Release|Any CPU.Build.0 = Release|Any CPU
		{C8F8DA29-4E18-4F3B-87E8-15D57AB6E8C6}.Debug|Any CPU.ActiveCfg = Debug|Any CPU
		{C8F8DA29-4E18-4F3B-87E8-15D57AB6E8C6}.Debug|Any CPU.Build.0 = Debug|Any CPU
		{C8F8DA29-4E18-4F3B-87E8-15D57AB6E8C6}.Release|Any CPU.ActiveCfg = Release|Any CPU
		{C8F8DA29-4E18-4F3B-87E8-15D57AB6E8C6}.Release|Any CPU.Build.0 = Release|Any CPU
	EndGlobalSection
	GlobalSection(SolutionProperties) = preSolution
		HideSolutionNode = FALSE
	EndGlobalSection
	GlobalSection(ExtensibilityGlobals) = postSolution
		SolutionGuid = {98E6ADC9-AA54-41FE-9555-3908FE275024}
	EndGlobalSection
EndGlobal
